// !$*UTF8*$!
{
	archiveVersion = 1;
	classes = {
	};
	objectVersion = 55;
	objects = {

/* Begin PBXBuildFile section */
		5056AF1F27D6B803008601FF /* AppDelegate.swift in Sources */ = {isa = PBXBuildFile; fileRef = 5056AF1E27D6B803008601FF /* AppDelegate.swift */; };
		5056AF2127D6B803008601FF /* SceneDelegate.swift in Sources */ = {isa = PBXBuildFile; fileRef = 5056AF2027D6B803008601FF /* SceneDelegate.swift */; };
		5056AF2827D6B803008601FF /* Assets.xcassets in Resources */ = {isa = PBXBuildFile; fileRef = 5056AF2727D6B803008601FF /* Assets.xcassets */; };
		506D5B5927D8616B009A9F39 /* WelcomeScreenBackgroundView.swift in Sources */ = {isa = PBXBuildFile; fileRef = 506D5B5827D8616B009A9F39 /* WelcomeScreenBackgroundView.swift */; };
		506D5B5B27D864D1009A9F39 /* WelcomeScreenButtonsView.swift in Sources */ = {isa = PBXBuildFile; fileRef = 506D5B5A27D864D1009A9F39 /* WelcomeScreenButtonsView.swift */; };
		506D5B5D27D87325009A9F39 /* GoogleService-Info.plist in Resources */ = {isa = PBXBuildFile; fileRef = 506D5B5C27D87325009A9F39 /* GoogleService-Info.plist */; };
		5093F99627D6EB4800378967 /* WelcomeViewController.swift in Sources */ = {isa = PBXBuildFile; fileRef = 5093F99527D6EB4800378967 /* WelcomeViewController.swift */; };
		5093F99827D6ED3900378967 /* TabBarViewController.swift in Sources */ = {isa = PBXBuildFile; fileRef = 5093F99727D6ED3900378967 /* TabBarViewController.swift */; };
		5093F99B27D6ED5700378967 /* HomeViewController.swift in Sources */ = {isa = PBXBuildFile; fileRef = 5093F99A27D6ED5700378967 /* HomeViewController.swift */; };
		5093F99D27D6ED6400378967 /* AddBirthdayViewController.swift in Sources */ = {isa = PBXBuildFile; fileRef = 5093F99C27D6ED6400378967 /* AddBirthdayViewController.swift */; };
		5093F99F27D6ED6A00378967 /* SettingsViewController.swift in Sources */ = {isa = PBXBuildFile; fileRef = 5093F99E27D6ED6A00378967 /* SettingsViewController.swift */; };
		5093F9A327D7123200378967 /* IndieFlower-Regular.ttf in Resources */ = {isa = PBXBuildFile; fileRef = 5093F9A127D7123200378967 /* IndieFlower-Regular.ttf */; };
		5093F9A827D71B2400378967 /* Extensions.swift in Sources */ = {isa = PBXBuildFile; fileRef = 5093F9A727D71B2400378967 /* Extensions.swift */; };
		50DAC19327D877C0006098D6 /* FirebaseAnalytics in Frameworks */ = {isa = PBXBuildFile; productRef = 50DAC19227D877C0006098D6 /* FirebaseAnalytics */; };
		50DAC19527D877C0006098D6 /* FirebaseAuth in Frameworks */ = {isa = PBXBuildFile; productRef = 50DAC19427D877C0006098D6 /* FirebaseAuth */; };
		50DAC19727D877C0006098D6 /* FirebaseDatabase in Frameworks */ = {isa = PBXBuildFile; productRef = 50DAC19627D877C0006098D6 /* FirebaseDatabase */; };
		50DAC19927D877C0006098D6 /* FirebaseStorage in Frameworks */ = {isa = PBXBuildFile; productRef = 50DAC19827D877C0006098D6 /* FirebaseStorage */; };
		50DAC19D27DAE342006098D6 /* DatabaseManager.swift in Sources */ = {isa = PBXBuildFile; fileRef = 50DAC19C27DAE342006098D6 /* DatabaseManager.swift */; };
		50DAC1A127DAEC71006098D6 /* BirthdayBuddyUser.swift in Sources */ = {isa = PBXBuildFile; fileRef = 50DAC1A027DAEC71006098D6 /* BirthdayBuddyUser.swift */; };
		50DAC1A427DAEEB6006098D6 /* AppleSignInHelper.swift in Sources */ = {isa = PBXBuildFile; fileRef = 50DAC1A327DAEEB6006098D6 /* AppleSignInHelper.swift */; };
		50DAC1A627DAF237006098D6 /* EmailSignInHelper.swift in Sources */ = {isa = PBXBuildFile; fileRef = 50DAC1A527DAF237006098D6 /* EmailSignInHelper.swift */; };
		50DAC1A827DAF4D2006098D6 /* LogInSheetViewController.swift in Sources */ = {isa = PBXBuildFile; fileRef = 50DAC1A727DAF4D2006098D6 /* LogInSheetViewController.swift */; };
		50DAC1AA27DAF4DF006098D6 /* SignUpSheetViewController.swift in Sources */ = {isa = PBXBuildFile; fileRef = 50DAC1A927DAF4DF006098D6 /* SignUpSheetViewController.swift */; };
		50DAC1B127DBEA44006098D6 /* SignOutCell.swift in Sources */ = {isa = PBXBuildFile; fileRef = 50DAC1B027DBEA43006098D6 /* SignOutCell.swift */; };
		50DAC1B327DBEC97006098D6 /* SignOutHelper.swift in Sources */ = {isa = PBXBuildFile; fileRef = 50DAC1B227DBEC97006098D6 /* SignOutHelper.swift */; };
/* End PBXBuildFile section */

/* Begin PBXFileReference section */
		5056AF1B27D6B803008601FF /* BirthdayBuddy.app */ = {isa = PBXFileReference; explicitFileType = wrapper.application; includeInIndex = 0; path = BirthdayBuddy.app; sourceTree = BUILT_PRODUCTS_DIR; };
		5056AF1E27D6B803008601FF /* AppDelegate.swift */ = {isa = PBXFileReference; lastKnownFileType = sourcecode.swift; path = AppDelegate.swift; sourceTree = "<group>"; };
		5056AF2027D6B803008601FF /* SceneDelegate.swift */ = {isa = PBXFileReference; lastKnownFileType = sourcecode.swift; path = SceneDelegate.swift; sourceTree = "<group>"; };
		5056AF2727D6B803008601FF /* Assets.xcassets */ = {isa = PBXFileReference; lastKnownFileType = folder.assetcatalog; path = Assets.xcassets; sourceTree = "<group>"; };
		5056AF2C27D6B803008601FF /* Info.plist */ = {isa = PBXFileReference; lastKnownFileType = text.plist.xml; path = Info.plist; sourceTree = "<group>"; };
		506D5B5827D8616B009A9F39 /* WelcomeScreenBackgroundView.swift */ = {isa = PBXFileReference; lastKnownFileType = sourcecode.swift; path = WelcomeScreenBackgroundView.swift; sourceTree = "<group>"; };
		506D5B5A27D864D1009A9F39 /* WelcomeScreenButtonsView.swift */ = {isa = PBXFileReference; lastKnownFileType = sourcecode.swift; path = WelcomeScreenButtonsView.swift; sourceTree = "<group>"; };
		506D5B5C27D87325009A9F39 /* GoogleService-Info.plist */ = {isa = PBXFileReference; fileEncoding = 4; lastKnownFileType = text.plist.xml; path = "GoogleService-Info.plist"; sourceTree = "<group>"; };
		5093F99527D6EB4800378967 /* WelcomeViewController.swift */ = {isa = PBXFileReference; lastKnownFileType = sourcecode.swift; path = WelcomeViewController.swift; sourceTree = "<group>"; };
		5093F99727D6ED3900378967 /* TabBarViewController.swift */ = {isa = PBXFileReference; lastKnownFileType = sourcecode.swift; path = TabBarViewController.swift; sourceTree = "<group>"; };
		5093F99A27D6ED5700378967 /* HomeViewController.swift */ = {isa = PBXFileReference; lastKnownFileType = sourcecode.swift; path = HomeViewController.swift; sourceTree = "<group>"; };
		5093F99C27D6ED6400378967 /* AddBirthdayViewController.swift */ = {isa = PBXFileReference; lastKnownFileType = sourcecode.swift; path = AddBirthdayViewController.swift; sourceTree = "<group>"; };
		5093F99E27D6ED6A00378967 /* SettingsViewController.swift */ = {isa = PBXFileReference; lastKnownFileType = sourcecode.swift; path = SettingsViewController.swift; sourceTree = "<group>"; };
		5093F9A127D7123200378967 /* IndieFlower-Regular.ttf */ = {isa = PBXFileReference; lastKnownFileType = file; path = "IndieFlower-Regular.ttf"; sourceTree = "<group>"; };
		5093F9A727D71B2400378967 /* Extensions.swift */ = {isa = PBXFileReference; lastKnownFileType = sourcecode.swift; path = Extensions.swift; sourceTree = "<group>"; };
		5093F9A927D844B000378967 /* BirthdayBuddy.entitlements */ = {isa = PBXFileReference; lastKnownFileType = text.plist.entitlements; path = BirthdayBuddy.entitlements; sourceTree = "<group>"; };
		50DAC19C27DAE342006098D6 /* DatabaseManager.swift */ = {isa = PBXFileReference; lastKnownFileType = sourcecode.swift; path = DatabaseManager.swift; sourceTree = "<group>"; };
		50DAC1A027DAEC71006098D6 /* BirthdayBuddyUser.swift */ = {isa = PBXFileReference; lastKnownFileType = sourcecode.swift; path = BirthdayBuddyUser.swift; sourceTree = "<group>"; };
		50DAC1A327DAEEB6006098D6 /* AppleSignInHelper.swift */ = {isa = PBXFileReference; lastKnownFileType = sourcecode.swift; path = AppleSignInHelper.swift; sourceTree = "<group>"; };
		50DAC1A527DAF237006098D6 /* EmailSignInHelper.swift */ = {isa = PBXFileReference; lastKnownFileType = sourcecode.swift; path = EmailSignInHelper.swift; sourceTree = "<group>"; };
		50DAC1A727DAF4D2006098D6 /* LogInSheetViewController.swift */ = {isa = PBXFileReference; lastKnownFileType = sourcecode.swift; path = LogInSheetViewController.swift; sourceTree = "<group>"; };
		50DAC1A927DAF4DF006098D6 /* SignUpSheetViewController.swift */ = {isa = PBXFileReference; lastKnownFileType = sourcecode.swift; path = SignUpSheetViewController.swift; sourceTree = "<group>"; };
		50DAC1B027DBEA43006098D6 /* SignOutCell.swift */ = {isa = PBXFileReference; lastKnownFileType = sourcecode.swift; path = SignOutCell.swift; sourceTree = "<group>"; };
		50DAC1B227DBEC97006098D6 /* SignOutHelper.swift */ = {isa = PBXFileReference; lastKnownFileType = sourcecode.swift; path = SignOutHelper.swift; sourceTree = "<group>"; };
/* End PBXFileReference section */

/* Begin PBXFrameworksBuildPhase section */
		5056AF1827D6B803008601FF /* Frameworks */ = {
			isa = PBXFrameworksBuildPhase;
			buildActionMask = 2147483647;
			files = (
				50DAC19727D877C0006098D6 /* FirebaseDatabase in Frameworks */,
				50DAC19927D877C0006098D6 /* FirebaseStorage in Frameworks */,
				50DAC19327D877C0006098D6 /* FirebaseAnalytics in Frameworks */,
				50DAC19527D877C0006098D6 /* FirebaseAuth in Frameworks */,
			);
			runOnlyForDeploymentPostprocessing = 0;
		};
/* End PBXFrameworksBuildPhase section */

/* Begin PBXGroup section */
		5056AF1227D6B803008601FF = {
			isa = PBXGroup;
			children = (
				5056AF1D27D6B803008601FF /* BirthdayBuddy */,
				5056AF1C27D6B803008601FF /* Products */,
			);
			sourceTree = "<group>";
		};
		5056AF1C27D6B803008601FF /* Products */ = {
			isa = PBXGroup;
			children = (
				5056AF1B27D6B803008601FF /* BirthdayBuddy.app */,
			);
			name = Products;
			sourceTree = "<group>";
		};
		5056AF1D27D6B803008601FF /* BirthdayBuddy */ = {
			isa = PBXGroup;
			children = (
				50DAC1AD27DBE6DD006098D6 /* Archives */,
				506D5B5C27D87325009A9F39 /* GoogleService-Info.plist */,
				5093F9A927D844B000378967 /* BirthdayBuddy.entitlements */,
				5056AF2C27D6B803008601FF /* Info.plist */,
				5056AF3627D6E458008601FF /* Resources */,
				5056AF3427D6E447008601FF /* ViewModels */,
				5056AF3327D6E43E008601FF /* Models */,
				5056AF3227D6E430008601FF /* Views */,
			);
			path = BirthdayBuddy;
			sourceTree = "<group>";
		};
		5056AF3227D6E430008601FF /* Views */ = {
			isa = PBXGroup;
			children = (
				5093F99927D6ED4100378967 /* Main */,
				50DAC19E27DAEA87006098D6 /* WelcomeScreen */,
			);
			path = Views;
			sourceTree = "<group>";
		};
		5056AF3327D6E43E008601FF /* Models */ = {
			isa = PBXGroup;
			children = (
				50DAC1A027DAEC71006098D6 /* BirthdayBuddyUser.swift */,
			);
			path = Models;
			sourceTree = "<group>";
		};
		5056AF3427D6E447008601FF /* ViewModels */ = {
			isa = PBXGroup;
			children = (
			);
			path = ViewModels;
			sourceTree = "<group>";
		};
		5056AF3627D6E458008601FF /* Resources */ = {
			isa = PBXGroup;
			children = (
				5093F9A727D71B2400378967 /* Extensions.swift */,
				50DAC19C27DAE342006098D6 /* DatabaseManager.swift */,
				5056AF1E27D6B803008601FF /* AppDelegate.swift */,
				5056AF2027D6B803008601FF /* SceneDelegate.swift */,
				5093F9A027D7123200378967 /* Fonts */,
				5056AF2727D6B803008601FF /* Assets.xcassets */,
			);
			path = Resources;
			sourceTree = "<group>";
		};
		5093F99927D6ED4100378967 /* Main */ = {
			isa = PBXGroup;
			children = (
				5093F99727D6ED3900378967 /* TabBarViewController.swift */,
				5093F99A27D6ED5700378967 /* HomeViewController.swift */,
				5093F99C27D6ED6400378967 /* AddBirthdayViewController.swift */,
				50DAC1AE27DBEA0D006098D6 /* Settings */,
			);
			path = Main;
			sourceTree = "<group>";
		};
		5093F9A027D7123200378967 /* Fonts */ = {
			isa = PBXGroup;
			children = (
				5093F9A127D7123200378967 /* IndieFlower-Regular.ttf */,
			);
			path = Fonts;
			sourceTree = "<group>";
		};
		50DAC19E27DAEA87006098D6 /* WelcomeScreen */ = {
			isa = PBXGroup;
			children = (
				5093F99527D6EB4800378967 /* WelcomeViewController.swift */,
				50DAC19F27DAEA9D006098D6 /* WelcomeScreenViews */,
				50DAC1A227DAEEA3006098D6 /* SignInOutHelpers */,
			);
			path = WelcomeScreen;
			sourceTree = "<group>";
		};
		50DAC19F27DAEA9D006098D6 /* WelcomeScreenViews */ = {
			isa = PBXGroup;
			children = (
				506D5B5A27D864D1009A9F39 /* WelcomeScreenButtonsView.swift */,
				506D5B5827D8616B009A9F39 /* WelcomeScreenBackgroundView.swift */,
			);
			path = WelcomeScreenViews;
			sourceTree = "<group>";
		};
		50DAC1A227DAEEA3006098D6 /* SignInOutHelpers */ = {
			isa = PBXGroup;
			children = (
				50DAC1A327DAEEB6006098D6 /* AppleSignInHelper.swift */,
				50DAC1A527DAF237006098D6 /* EmailSignInHelper.swift */,
				50DAC1B227DBEC97006098D6 /* SignOutHelper.swift */,
			);
			path = SignInOutHelpers;
			sourceTree = "<group>";
		};
		50DAC1AD27DBE6DD006098D6 /* Archives */ = {
			isa = PBXGroup;
			children = (
				50DAC1A727DAF4D2006098D6 /* LogInSheetViewController.swift */,
				50DAC1A927DAF4DF006098D6 /* SignUpSheetViewController.swift */,
			);
			path = Archives;
			sourceTree = "<group>";
		};
		50DAC1AE27DBEA0D006098D6 /* Settings */ = {
			isa = PBXGroup;
			children = (
				5093F99E27D6ED6A00378967 /* SettingsViewController.swift */,
				50DAC1AF27DBEA20006098D6 /* SettingsViews */,
			);
			path = Settings;
			sourceTree = "<group>";
		};
		50DAC1AF27DBEA20006098D6 /* SettingsViews */ = {
			isa = PBXGroup;
			children = (
				50DAC1B027DBEA43006098D6 /* SignOutCell.swift */,
			);
			path = SettingsViews;
			sourceTree = "<group>";
		};
/* End PBXGroup section */

/* Begin PBXNativeTarget section */
		5056AF1A27D6B803008601FF /* BirthdayBuddy */ = {
			isa = PBXNativeTarget;
			buildConfigurationList = 5056AF2F27D6B803008601FF /* Build configuration list for PBXNativeTarget "BirthdayBuddy" */;
			buildPhases = (
				5056AF1727D6B803008601FF /* Sources */,
				5056AF1827D6B803008601FF /* Frameworks */,
				5056AF1927D6B803008601FF /* Resources */,
			);
			buildRules = (
			);
			dependencies = (
			);
			name = BirthdayBuddy;
			packageProductDependencies = (
				50DAC19227D877C0006098D6 /* FirebaseAnalytics */,
				50DAC19427D877C0006098D6 /* FirebaseAuth */,
				50DAC19627D877C0006098D6 /* FirebaseDatabase */,
				50DAC19827D877C0006098D6 /* FirebaseStorage */,
			);
			productName = BirthdayBuddy;
			productReference = 5056AF1B27D6B803008601FF /* BirthdayBuddy.app */;
			productType = "com.apple.product-type.application";
		};
/* End PBXNativeTarget section */

/* Begin PBXProject section */
		5056AF1327D6B803008601FF /* Project object */ = {
			isa = PBXProject;
			attributes = {
				BuildIndependentTargetsInParallel = 1;
				LastSwiftUpdateCheck = 1320;
				LastUpgradeCheck = 1320;
				TargetAttributes = {
					5056AF1A27D6B803008601FF = {
						CreatedOnToolsVersion = 13.2.1;
					};
				};
			};
			buildConfigurationList = 5056AF1627D6B803008601FF /* Build configuration list for PBXProject "BirthdayBuddy" */;
			compatibilityVersion = "Xcode 13.0";
			developmentRegion = en;
			hasScannedForEncodings = 0;
			knownRegions = (
				en,
				Base,
			);
			mainGroup = 5056AF1227D6B803008601FF;
			packageReferences = (
				50DAC19127D877C0006098D6 /* XCRemoteSwiftPackageReference "firebase-ios-sdk" */,
			);
			productRefGroup = 5056AF1C27D6B803008601FF /* Products */;
			projectDirPath = "";
			projectRoot = "";
			targets = (
				5056AF1A27D6B803008601FF /* BirthdayBuddy */,
			);
		};
/* End PBXProject section */

/* Begin PBXResourcesBuildPhase section */
		5056AF1927D6B803008601FF /* Resources */ = {
			isa = PBXResourcesBuildPhase;
			buildActionMask = 2147483647;
			files = (
				5093F9A327D7123200378967 /* IndieFlower-Regular.ttf in Resources */,
				5056AF2827D6B803008601FF /* Assets.xcassets in Resources */,
				506D5B5D27D87325009A9F39 /* GoogleService-Info.plist in Resources */,
			);
			runOnlyForDeploymentPostprocessing = 0;
		};
/* End PBXResourcesBuildPhase section */

/* Begin PBXSourcesBuildPhase section */
		5056AF1727D6B803008601FF /* Sources */ = {
			isa = PBXSourcesBuildPhase;
			buildActionMask = 2147483647;
			files = (
				5093F99627D6EB4800378967 /* WelcomeViewController.swift in Sources */,
				5093F99D27D6ED6400378967 /* AddBirthdayViewController.swift in Sources */,
				50DAC1AA27DAF4DF006098D6 /* SignUpSheetViewController.swift in Sources */,
				50DAC1A427DAEEB6006098D6 /* AppleSignInHelper.swift in Sources */,
				5056AF1F27D6B803008601FF /* AppDelegate.swift in Sources */,
				5093F99827D6ED3900378967 /* TabBarViewController.swift in Sources */,
				5093F9A827D71B2400378967 /* Extensions.swift in Sources */,
				50DAC1B127DBEA44006098D6 /* SignOutCell.swift in Sources */,
				506D5B5B27D864D1009A9F39 /* WelcomeScreenButtonsView.swift in Sources */,
				50DAC1A627DAF237006098D6 /* EmailSignInHelper.swift in Sources */,
				5056AF2127D6B803008601FF /* SceneDelegate.swift in Sources */,
				50DAC1B327DBEC97006098D6 /* SignOutHelper.swift in Sources */,
				50DAC1A827DAF4D2006098D6 /* LogInSheetViewController.swift in Sources */,
				50DAC1A127DAEC71006098D6 /* BirthdayBuddyUser.swift in Sources */,
				50DAC19D27DAE342006098D6 /* DatabaseManager.swift in Sources */,
				506D5B5927D8616B009A9F39 /* WelcomeScreenBackgroundView.swift in Sources */,
				5093F99B27D6ED5700378967 /* HomeViewController.swift in Sources */,
				5093F99F27D6ED6A00378967 /* SettingsViewController.swift in Sources */,
			);
			runOnlyForDeploymentPostprocessing = 0;
		};
/* End PBXSourcesBuildPhase section */

/* Begin XCBuildConfiguration section */
		5056AF2D27D6B803008601FF /* Debug */ = {
			isa = XCBuildConfiguration;
			buildSettings = {
				ALWAYS_SEARCH_USER_PATHS = NO;
				CLANG_ANALYZER_NONNULL = YES;
				CLANG_ANALYZER_NUMBER_OBJECT_CONVERSION = YES_AGGRESSIVE;
				CLANG_CXX_LANGUAGE_STANDARD = "gnu++17";
				CLANG_CXX_LIBRARY = "libc++";
				CLANG_ENABLE_MODULES = YES;
				CLANG_ENABLE_OBJC_ARC = YES;
				CLANG_ENABLE_OBJC_WEAK = YES;
				CLANG_WARN_BLOCK_CAPTURE_AUTORELEASING = YES;
				CLANG_WARN_BOOL_CONVERSION = YES;
				CLANG_WARN_COMMA = YES;
				CLANG_WARN_CONSTANT_CONVERSION = YES;
				CLANG_WARN_DEPRECATED_OBJC_IMPLEMENTATIONS = YES;
				CLANG_WARN_DIRECT_OBJC_ISA_USAGE = YES_ERROR;
				CLANG_WARN_DOCUMENTATION_COMMENTS = YES;
				CLANG_WARN_EMPTY_BODY = YES;
				CLANG_WARN_ENUM_CONVERSION = YES;
				CLANG_WARN_INFINITE_RECURSION = YES;
				CLANG_WARN_INT_CONVERSION = YES;
				CLANG_WARN_NON_LITERAL_NULL_CONVERSION = YES;
				CLANG_WARN_OBJC_IMPLICIT_RETAIN_SELF = YES;
				CLANG_WARN_OBJC_LITERAL_CONVERSION = YES;
				CLANG_WARN_OBJC_ROOT_CLASS = YES_ERROR;
				CLANG_WARN_QUOTED_INCLUDE_IN_FRAMEWORK_HEADER = YES;
				CLANG_WARN_RANGE_LOOP_ANALYSIS = YES;
				CLANG_WARN_STRICT_PROTOTYPES = YES;
				CLANG_WARN_SUSPICIOUS_MOVE = YES;
				CLANG_WARN_UNGUARDED_AVAILABILITY = YES_AGGRESSIVE;
				CLANG_WARN_UNREACHABLE_CODE = YES;
				CLANG_WARN__DUPLICATE_METHOD_MATCH = YES;
				COPY_PHASE_STRIP = NO;
				DEBUG_INFORMATION_FORMAT = dwarf;
				ENABLE_STRICT_OBJC_MSGSEND = YES;
				ENABLE_TESTABILITY = YES;
				GCC_C_LANGUAGE_STANDARD = gnu11;
				GCC_DYNAMIC_NO_PIC = NO;
				GCC_NO_COMMON_BLOCKS = YES;
				GCC_OPTIMIZATION_LEVEL = 0;
				GCC_PREPROCESSOR_DEFINITIONS = (
					"DEBUG=1",
					"$(inherited)",
				);
				GCC_WARN_64_TO_32_BIT_CONVERSION = YES;
				GCC_WARN_ABOUT_RETURN_TYPE = YES_ERROR;
				GCC_WARN_UNDECLARED_SELECTOR = YES;
				GCC_WARN_UNINITIALIZED_AUTOS = YES_AGGRESSIVE;
				GCC_WARN_UNUSED_FUNCTION = YES;
				GCC_WARN_UNUSED_VARIABLE = YES;
				INFOPLIST_FILE = "";
				IPHONEOS_DEPLOYMENT_TARGET = 15.2;
				MTL_ENABLE_DEBUG_INFO = INCLUDE_SOURCE;
				MTL_FAST_MATH = YES;
				ONLY_ACTIVE_ARCH = YES;
				SDKROOT = iphoneos;
				SWIFT_ACTIVE_COMPILATION_CONDITIONS = DEBUG;
				SWIFT_OPTIMIZATION_LEVEL = "-Onone";
			};
			name = Debug;
		};
		5056AF2E27D6B803008601FF /* Release */ = {
			isa = XCBuildConfiguration;
			buildSettings = {
				ALWAYS_SEARCH_USER_PATHS = NO;
				CLANG_ANALYZER_NONNULL = YES;
				CLANG_ANALYZER_NUMBER_OBJECT_CONVERSION = YES_AGGRESSIVE;
				CLANG_CXX_LANGUAGE_STANDARD = "gnu++17";
				CLANG_CXX_LIBRARY = "libc++";
				CLANG_ENABLE_MODULES = YES;
				CLANG_ENABLE_OBJC_ARC = YES;
				CLANG_ENABLE_OBJC_WEAK = YES;
				CLANG_WARN_BLOCK_CAPTURE_AUTORELEASING = YES;
				CLANG_WARN_BOOL_CONVERSION = YES;
				CLANG_WARN_COMMA = YES;
				CLANG_WARN_CONSTANT_CONVERSION = YES;
				CLANG_WARN_DEPRECATED_OBJC_IMPLEMENTATIONS = YES;
				CLANG_WARN_DIRECT_OBJC_ISA_USAGE = YES_ERROR;
				CLANG_WARN_DOCUMENTATION_COMMENTS = YES;
				CLANG_WARN_EMPTY_BODY = YES;
				CLANG_WARN_ENUM_CONVERSION = YES;
				CLANG_WARN_INFINITE_RECURSION = YES;
				CLANG_WARN_INT_CONVERSION = YES;
				CLANG_WARN_NON_LITERAL_NULL_CONVERSION = YES;
				CLANG_WARN_OBJC_IMPLICIT_RETAIN_SELF = YES;
				CLANG_WARN_OBJC_LITERAL_CONVERSION = YES;
				CLANG_WARN_OBJC_ROOT_CLASS = YES_ERROR;
				CLANG_WARN_QUOTED_INCLUDE_IN_FRAMEWORK_HEADER = YES;
				CLANG_WARN_RANGE_LOOP_ANALYSIS = YES;
				CLANG_WARN_STRICT_PROTOTYPES = YES;
				CLANG_WARN_SUSPICIOUS_MOVE = YES;
				CLANG_WARN_UNGUARDED_AVAILABILITY = YES_AGGRESSIVE;
				CLANG_WARN_UNREACHABLE_CODE = YES;
				CLANG_WARN__DUPLICATE_METHOD_MATCH = YES;
				COPY_PHASE_STRIP = NO;
				DEBUG_INFORMATION_FORMAT = "dwarf-with-dsym";
				ENABLE_NS_ASSERTIONS = NO;
				ENABLE_STRICT_OBJC_MSGSEND = YES;
				GCC_C_LANGUAGE_STANDARD = gnu11;
				GCC_NO_COMMON_BLOCKS = YES;
				GCC_WARN_64_TO_32_BIT_CONVERSION = YES;
				GCC_WARN_ABOUT_RETURN_TYPE = YES_ERROR;
				GCC_WARN_UNDECLARED_SELECTOR = YES;
				GCC_WARN_UNINITIALIZED_AUTOS = YES_AGGRESSIVE;
				GCC_WARN_UNUSED_FUNCTION = YES;
				GCC_WARN_UNUSED_VARIABLE = YES;
				INFOPLIST_FILE = "";
				IPHONEOS_DEPLOYMENT_TARGET = 15.2;
				MTL_ENABLE_DEBUG_INFO = NO;
				MTL_FAST_MATH = YES;
				SDKROOT = iphoneos;
				SWIFT_COMPILATION_MODE = wholemodule;
				SWIFT_OPTIMIZATION_LEVEL = "-O";
				VALIDATE_PRODUCT = YES;
			};
			name = Release;
		};
		5056AF3027D6B803008601FF /* Debug */ = {
			isa = XCBuildConfiguration;
			buildSettings = {
				ASSETCATALOG_COMPILER_APPICON_NAME = AppIcon;
				ASSETCATALOG_COMPILER_GLOBAL_ACCENT_COLOR_NAME = AccentColor;
				CODE_SIGN_ENTITLEMENTS = BirthdayBuddy/BirthdayBuddy.entitlements;
				CODE_SIGN_IDENTITY = "Apple Development";
				CODE_SIGN_STYLE = Automatic;
				CURRENT_PROJECT_VERSION = 1;
				DEVELOPMENT_TEAM = C5L746M7FW;
				GENERATE_INFOPLIST_FILE = YES;
				INFOPLIST_FILE = BirthdayBuddy/Info.plist;
				INFOPLIST_KEY_UIApplicationSupportsIndirectInputEvents = YES;
				INFOPLIST_KEY_UILaunchStoryboardName = LaunchScreen;
				INFOPLIST_KEY_UISupportedInterfaceOrientations_iPad = "UIInterfaceOrientationPortrait UIInterfaceOrientationPortraitUpsideDown UIInterfaceOrientationLandscapeLeft UIInterfaceOrientationLandscapeRight";
				INFOPLIST_KEY_UISupportedInterfaceOrientations_iPhone = "UIInterfaceOrientationPortrait UIInterfaceOrientationLandscapeLeft UIInterfaceOrientationLandscapeRight";
				LD_RUNPATH_SEARCH_PATHS = (
					"$(inherited)",
					"@executable_path/Frameworks",
				);
				MARKETING_VERSION = 1.0;
				PRODUCT_BUNDLE_IDENTIFIER = itsmaxpark.BirthdayBuddy;
				PRODUCT_NAME = "$(TARGET_NAME)";
				PROVISIONING_PROFILE_SPECIFIER = "";
				SWIFT_EMIT_LOC_STRINGS = YES;
				SWIFT_VERSION = 5.0;
				TARGETED_DEVICE_FAMILY = 1;
			};
			name = Debug;
		};
		5056AF3127D6B803008601FF /* Release */ = {
			isa = XCBuildConfiguration;
			buildSettings = {
				ASSETCATALOG_COMPILER_APPICON_NAME = AppIcon;
				ASSETCATALOG_COMPILER_GLOBAL_ACCENT_COLOR_NAME = AccentColor;
				CODE_SIGN_ENTITLEMENTS = BirthdayBuddy/BirthdayBuddyRelease.entitlements;
				CODE_SIGN_IDENTITY = "Apple Development";
				CODE_SIGN_STYLE = Automatic;
				CURRENT_PROJECT_VERSION = 1;
				DEVELOPMENT_TEAM = C5L746M7FW;
				GENERATE_INFOPLIST_FILE = YES;
				INFOPLIST_FILE = BirthdayBuddy/Info.plist;
				INFOPLIST_KEY_UIApplicationSupportsIndirectInputEvents = YES;
				INFOPLIST_KEY_UILaunchStoryboardName = LaunchScreen;
				INFOPLIST_KEY_UISupportedInterfaceOrientations_iPad = "UIInterfaceOrientationPortrait UIInterfaceOrientationPortraitUpsideDown UIInterfaceOrientationLandscapeLeft UIInterfaceOrientationLandscapeRight";
				INFOPLIST_KEY_UISupportedInterfaceOrientations_iPhone = "UIInterfaceOrientationPortrait UIInterfaceOrientationLandscapeLeft UIInterfaceOrientationLandscapeRight";
				LD_RUNPATH_SEARCH_PATHS = (
					"$(inherited)",
					"@executable_path/Frameworks",
				);
				MARKETING_VERSION = 1.0;
				PRODUCT_BUNDLE_IDENTIFIER = com.itsmaxpark.BirthdayBuddy;
				PRODUCT_NAME = "$(TARGET_NAME)";
				PROVISIONING_PROFILE_SPECIFIER = "";
				SWIFT_EMIT_LOC_STRINGS = YES;
				SWIFT_VERSION = 5.0;
				TARGETED_DEVICE_FAMILY = 1;
			};
			name = Release;
		};
/* End XCBuildConfiguration section */

/* Begin XCConfigurationList section */
		5056AF1627D6B803008601FF /* Build configuration list for PBXProject "BirthdayBuddy" */ = {
			isa = XCConfigurationList;
			buildConfigurations = (
				5056AF2D27D6B803008601FF /* Debug */,
				5056AF2E27D6B803008601FF /* Release */,
			);
			defaultConfigurationIsVisible = 0;
			defaultConfigurationName = Release;
		};
		5056AF2F27D6B803008601FF /* Build configuration list for PBXNativeTarget "BirthdayBuddy" */ = {
			isa = XCConfigurationList;
			buildConfigurations = (
				5056AF3027D6B803008601FF /* Debug */,
				5056AF3127D6B803008601FF /* Release */,
			);
			defaultConfigurationIsVisible = 0;
			defaultConfigurationName = Release;
		};
/* End XCConfigurationList section */

/* Begin XCRemoteSwiftPackageReference section */
		50DAC19127D877C0006098D6 /* XCRemoteSwiftPackageReference "firebase-ios-sdk" */ = {
			isa = XCRemoteSwiftPackageReference;
			repositoryURL = "https://github.com/firebase/firebase-ios-sdk";
			requirement = {
				kind = upToNextMajorVersion;
				minimumVersion = 8.0.0;
			};
		};
/* End XCRemoteSwiftPackageReference section */

/* Begin XCSwiftPackageProductDependency section */
		50DAC19227D877C0006098D6 /* FirebaseAnalytics */ = {
			isa = XCSwiftPackageProductDependency;
			package = 50DAC19127D877C0006098D6 /* XCRemoteSwiftPackageReference "firebase-ios-sdk" */;
			productName = FirebaseAnalytics;
		};
		50DAC19427D877C0006098D6 /* FirebaseAuth */ = {
			isa = XCSwiftPackageProductDependency;
			package = 50DAC19127D877C0006098D6 /* XCRemoteSwiftPackageReference "firebase-ios-sdk" */;
			productName = FirebaseAuth;
		};
		50DAC19627D877C0006098D6 /* FirebaseDatabase */ = {
			isa = XCSwiftPackageProductDependency;
			package = 50DAC19127D877C0006098D6 /* XCRemoteSwiftPackageReference "firebase-ios-sdk" */;
			productName = FirebaseDatabase;
		};
		50DAC19827D877C0006098D6 /* FirebaseStorage */ = {
			isa = XCSwiftPackageProductDependency;
			package = 50DAC19127D877C0006098D6 /* XCRemoteSwiftPackageReference "firebase-ios-sdk" */;
			productName = FirebaseStorage;
		};
/* End XCSwiftPackageProductDependency section */
	};
	rootObject = 5056AF1327D6B803008601FF /* Project object */;
}
